
Microsoft Visual Studio Solution File, Format Version 12.00
# Visual Studio Version 16
VisualStudioVersion = 16.0.30611.23
MinimumVisualStudioVersion = 10.0.40219.1
Project("{FAE04EC0-301F-11D3-BF4B-00C04F79EFBC}") = "FirstBot", "FirstBot.csproj", "{DC5D2D75-EB85-4FFC-B45A-62C8E49BAF28}"
EndProject
Global
	GlobalSection(SolutionConfigurationPlatforms) = preSolution
		Debug|Any CPU = Debug|Any CPU
		Release|Any CPU = Release|Any CPU
	EndGlobalSection
	GlobalSection(ProjectConfigurationPlatforms) = postSolution
		{DC5D2D75-EB85-4FFC-B45A-62C8E49BAF28}.Debug|Any CPU.ActiveCfg = Debug|Any CPU
		{DC5D2D75-EB85-4FFC-B45A-62C8E49BAF28}.Debug|Any CPU.Build.0 = Debug|Any CPU
		{DC5D2D75-EB85-4FFC-B45A-62C8E49BAF28}.Release|Any CPU.ActiveCfg = Release|Any CPU
		{DC5D2D75-EB85-4FFC-B45A-62C8E49BAF28}.Release|Any CPU.Build.0 = Release|Any CPU
	EndGlobalSection
	GlobalSection(SolutionProperties) = preSolution
		HideSolutionNode = FALSE
	EndGlobalSection
	GlobalSection(ExtensibilityGlobals) = postSolution
		SolutionGuid = {F61356B2-FFB3-46F9-BA02-65D8AFB5C383}
	EndGlobalSection
EndGlobal
